
Microsoft Visual Studio Solution File, Format Version 12.00
# Visual Studio 15
VisualStudioVersion = 15.0.27004.2008
MinimumVisualStudioVersion = 10.0.40219.1
Project("{8BC9CEB8-8B4A-11D0-8D11-00A0C91BC942}") = "OnLess", "OnLess\OnLess.vcxproj", "{530DE9B6-D84B-4CC4-9533-760211B80CF2}"
EndProject
Global
	GlobalSection(SolutionConfigurationPlatforms) = preSolution
		Debug|x64 = Debug|x64
		Debug|x86 = Debug|x86
		Release|x64 = Release|x64
		Release|x86 = Release|x86
	EndGlobalSection
	GlobalSection(ProjectConfigurationPlatforms) = postSolution
		{530DE9B6-D84B-4CC4-9533-760211B80CF2}.Debug|x64.ActiveCfg = Debug|x64
		{530DE9B6-D84B-4CC4-9533-760211B80CF2}.Debug|x64.Build.0 = Debug|x64
		{530DE9B6-D84B-4CC4-9533-760211B80CF2}.Debug|x86.ActiveCfg = Debug|Win32
		{530DE9B6-D84B-4CC4-9533-760211B80CF2}.Debug|x86.Build.0 = Debug|Win32
		{530DE9B6-D84B-4CC4-9533-760211B80CF2}.Release|x64.ActiveCfg = Release|x64
		{530DE9B6-D84B-4CC4-9533-760211B80CF2}.Release|x64.Build.0 = Release|x64
		{530DE9B6-D84B-4CC4-9533-760211B80CF2}.Release|x86.ActiveCfg = Release|Win32
		{530DE9B6-D84B-4CC4-9533-760211B80CF2}.Release|x86.Build.0 = Release|Win32
	EndGlobalSection
	GlobalSection(SolutionProperties) = preSolution
		HideSolutionNode = FALSE
	EndGlobalSection
	GlobalSection(ExtensibilityGlobals) = postSolution
		SolutionGuid = {815FD139-DB94-478E-BC22-FAA080F74D14}
	EndGlobalSection
EndGlobal
